
Microsoft Visual Studio Solution File, Format Version 12.00
# Visual Studio Version 17
VisualStudioVersion = 17.0.31717.71
MinimumVisualStudioVersion = 10.0.40219.1
Project("{2150E333-8FDC-42A3-9474-1A3956D46DE8}") = "src", "src", "{40AADEE4-13B4-4508-A796-3B3D90770A4E}"
EndProject
Project("{2150E333-8FDC-42A3-9474-1A3956D46DE8}") = "scripts", "scripts", "{6F4F3A0E-06A9-4A6E-BA84-ADD5D4E3ECAE}"
	ProjectSection(SolutionItems) = preProject
		.github\workflows\pack.yml = .github\workflows\pack.yml
	EndProjectSection
EndProject
Project("{2150E333-8FDC-42A3-9474-1A3956D46DE8}") = "template", "template", "{C290B017-2D47-460A-A489-228561E9A244}"
	ProjectSection(SolutionItems) = preProject
		template\bin\Debug\Bootstrap.Blazor.Templates.7.4.1.nupkg = template\bin\Debug\Bootstrap.Blazor.Templates.7.4.1.nupkg
	EndProjectSection
EndProject
Project("{9A19103F-16F7-4668-BE54-9A1E7A4F7556}") = "BootstrapBlazorServerPack", "template\BootstrapBlazorServerPack.csproj", "{E1FDAA3C-3A63-40DB-A986-8D2E171754B9}"
EndProject
Project("{2150E333-8FDC-42A3-9474-1A3956D46DE8}") = "template-ui", "template-ui", "{06915C19-F028-4687-8DA8-169DEB504ED6}"
EndProject
Project("{FAE04EC0-301F-11D3-BF4B-00C04F79EFBC}") = "BootstrapBlazor.UITemplate", "template-ui\VsixPackager\BootstrapBlazor.UITemplate.csproj", "{110AA228-E8A2-41AB-93AA-7209BA50667A}"
EndProject
Project("{2150E333-8FDC-42A3-9474-1A3956D46DE8}") = "windows", "windows", "{40A9706D-5CCA-4841-8B81-FB89023C961B}"
	ProjectSection(SolutionItems) = preProject
		scripts\sync.cmd = scripts\sync.cmd
		scripts\sync.sh = scripts\sync.sh
	EndProjectSection
EndProject
Project("{9A19103F-16F7-4668-BE54-9A1E7A4F7556}") = "BootstrapBlazorApp.Shared", "src\BootstrapBlazorApp.Shared\BootstrapBlazorApp.Shared.csproj", "{BB558D17-5445-4D78-A53E-1168C9354350}"
EndProject
Project("{9A19103F-16F7-4668-BE54-9A1E7A4F7556}") = "BootstrapBlazorApp.WebAssembly", "src\BootstrapBlazorApp.WebAssembly\BootstrapBlazorApp.WebAssembly.csproj", "{3BA203A5-B8D3-444F-B32A-771F80D1F835}"
EndProject
Project("{9A19103F-16F7-4668-BE54-9A1E7A4F7556}") = "BootstrapBlazorApp.Server", "src\BootstrapBlazorApp.Server\BootstrapBlazorApp.Server.csproj", "{29A44D2B-08C1-4CEA-9F95-7B0F374008BC}"
EndProject
Project("{9A19103F-16F7-4668-BE54-9A1E7A4F7556}") = "BootstrapBlazorApp.OnlyServer", "src\expansions\BootstrapBlazorApp.OnlyServer\BootstrapBlazorApp.OnlyServer.csproj", "{02ACBF16-A839-44FD-87F7-5B848D5E6A5E}"
EndProject
Project("{9A19103F-16F7-4668-BE54-9A1E7A4F7556}") = "BootstrapBlazorApp.OnlyWasm", "src\expansions\BootstrapBlazorApp.OnlyWasm\BootstrapBlazorApp.OnlyWasm.csproj", "{CBF3F7DF-57EF-44F1-8A57-556281D9A776}"
EndProject
Global
	GlobalSection(SolutionConfigurationPlatforms) = preSolution
		Debug|Any CPU = Debug|Any CPU
		Debug|x86 = Debug|x86
		Release|Any CPU = Release|Any CPU
		Release|x86 = Release|x86
	EndGlobalSection
	GlobalSection(ProjectConfigurationPlatforms) = postSolution
		{E1FDAA3C-3A63-40DB-A986-8D2E171754B9}.Debug|Any CPU.ActiveCfg = Debug|Any CPU
		{E1FDAA3C-3A63-40DB-A986-8D2E171754B9}.Debug|Any CPU.Build.0 = Debug|Any CPU
		{E1FDAA3C-3A63-40DB-A986-8D2E171754B9}.Debug|x86.ActiveCfg = Debug|Any CPU
		{E1FDAA3C-3A63-40DB-A986-8D2E171754B9}.Debug|x86.Build.0 = Debug|Any CPU
		{E1FDAA3C-3A63-40DB-A986-8D2E171754B9}.Release|Any CPU.ActiveCfg = Release|Any CPU
		{E1FDAA3C-3A63-40DB-A986-8D2E171754B9}.Release|Any CPU.Build.0 = Release|Any CPU
		{E1FDAA3C-3A63-40DB-A986-8D2E171754B9}.Release|x86.ActiveCfg = Release|Any CPU
		{E1FDAA3C-3A63-40DB-A986-8D2E171754B9}.Release|x86.Build.0 = Release|Any CPU
		{110AA228-E8A2-41AB-93AA-7209BA50667A}.Debug|Any CPU.ActiveCfg = Debug|Any CPU
		{110AA228-E8A2-41AB-93AA-7209BA50667A}.Debug|Any CPU.Build.0 = Debug|Any CPU
		{110AA228-E8A2-41AB-93AA-7209BA50667A}.Debug|x86.ActiveCfg = Debug|x86
		{110AA228-E8A2-41AB-93AA-7209BA50667A}.Release|Any CPU.ActiveCfg = Release|Any CPU
		{110AA228-E8A2-41AB-93AA-7209BA50667A}.Release|Any CPU.Build.0 = Release|Any CPU
		{110AA228-E8A2-41AB-93AA-7209BA50667A}.Release|x86.ActiveCfg = Release|x86
		{BB558D17-5445-4D78-A53E-1168C9354350}.Debug|Any CPU.ActiveCfg = Debug|Any CPU
		{BB558D17-5445-4D78-A53E-1168C9354350}.Debug|Any CPU.Build.0 = Debug|Any CPU
		{BB558D17-5445-4D78-A53E-1168C9354350}.Debug|x86.ActiveCfg = Debug|Any CPU
		{BB558D17-5445-4D78-A53E-1168C9354350}.Debug|x86.Build.0 = Debug|Any CPU
		{BB558D17-5445-4D78-A53E-1168C9354350}.Release|Any CPU.ActiveCfg = Release|Any CPU
		{BB558D17-5445-4D78-A53E-1168C9354350}.Release|Any CPU.Build.0 = Release|Any CPU
		{BB558D17-5445-4D78-A53E-1168C9354350}.Release|x86.ActiveCfg = Release|Any CPU
		{BB558D17-5445-4D78-A53E-1168C9354350}.Release|x86.Build.0 = Release|Any CPU
		{3BA203A5-B8D3-444F-B32A-771F80D1F835}.Debug|Any CPU.ActiveCfg = Debug|Any CPU
		{3BA203A5-B8D3-444F-B32A-771F80D1F835}.Debug|Any CPU.Build.0 = Debug|Any CPU
		{3BA203A5-B8D3-444F-B32A-771F80D1F835}.Debug|x86.ActiveCfg = Debug|Any CPU
		{3BA203A5-B8D3-444F-B32A-771F80D1F835}.Debug|x86.Build.0 = Debug|Any CPU
		{3BA203A5-B8D3-444F-B32A-771F80D1F835}.Release|Any CPU.ActiveCfg = Release|Any CPU
		{3BA203A5-B8D3-444F-B32A-771F80D1F835}.Release|Any CPU.Build.0 = Release|Any CPU
		{3BA203A5-B8D3-444F-B32A-771F80D1F835}.Release|x86.ActiveCfg = Release|Any CPU
		{3BA203A5-B8D3-444F-B32A-771F80D1F835}.Release|x86.Build.0 = Release|Any CPU
		{29A44D2B-08C1-4CEA-9F95-7B0F374008BC}.Debug|Any CPU.ActiveCfg = Debug|Any CPU
		{29A44D2B-08C1-4CEA-9F95-7B0F374008BC}.Debug|Any CPU.Build.0 = Debug|Any CPU
		{29A44D2B-08C1-4CEA-9F95-7B0F374008BC}.Debug|x86.ActiveCfg = Debug|Any CPU
		{29A44D2B-08C1-4CEA-9F95-7B0F374008BC}.Debug|x86.Build.0 = Debug|Any CPU
		{29A44D2B-08C1-4CEA-9F95-7B0F374008BC}.Release|Any CPU.ActiveCfg = Release|Any CPU
		{29A44D2B-08C1-4CEA-9F95-7B0F374008BC}.Release|Any CPU.Build.0 = Release|Any CPU
		{29A44D2B-08C1-4CEA-9F95-7B0F374008BC}.Release|x86.ActiveCfg = Release|Any CPU
		{29A44D2B-08C1-4CEA-9F95-7B0F374008BC}.Release|x86.Build.0 = Release|Any CPU
		{02ACBF16-A839-44FD-87F7-5B848D5E6A5E}.Debug|Any CPU.ActiveCfg = Debug|Any CPU
		{02ACBF16-A839-44FD-87F7-5B848D5E6A5E}.Debug|Any CPU.Build.0 = Debug|Any CPU
		{02ACBF16-A839-44FD-87F7-5B848D5E6A5E}.Debug|x86.ActiveCfg = Debug|Any CPU
		{02ACBF16-A839-44FD-87F7-5B848D5E6A5E}.Debug|x86.Build.0 = Debug|Any CPU
		{02ACBF16-A839-44FD-87F7-5B848D5E6A5E}.Release|Any CPU.ActiveCfg = Release|Any CPU
		{02ACBF16-A839-44FD-87F7-5B848D5E6A5E}.Release|Any CPU.Build.0 = Release|Any CPU
		{02ACBF16-A839-44FD-87F7-5B848D5E6A5E}.Release|x86.ActiveCfg = Release|Any CPU
		{02ACBF16-A839-44FD-87F7-5B848D5E6A5E}.Release|x86.Build.0 = Release|Any CPU
		{CBF3F7DF-57EF-44F1-8A57-556281D9A776}.Debug|Any CPU.ActiveCfg = Debug|Any CPU
		{CBF3F7DF-57EF-44F1-8A57-556281D9A776}.Debug|Any CPU.Build.0 = Debug|Any CPU
		{CBF3F7DF-57EF-44F1-8A57-556281D9A776}.Debug|x86.ActiveCfg = Debug|Any CPU
		{CBF3F7DF-57EF-44F1-8A57-556281D9A776}.Debug|x86.Build.0 = Debug|Any CPU
		{CBF3F7DF-57EF-44F1-8A57-556281D9A776}.Release|Any CPU.ActiveCfg = Release|Any CPU
		{CBF3F7DF-57EF-44F1-8A57-556281D9A776}.Release|Any CPU.Build.0 = Release|Any CPU
		{CBF3F7DF-57EF-44F1-8A57-556281D9A776}.Release|x86.ActiveCfg = Release|Any CPU
		{CBF3F7DF-57EF-44F1-8A57-556281D9A776}.Release|x86.Build.0 = Release|Any CPU
	EndGlobalSection
	GlobalSection(SolutionProperties) = preSolution
		HideSolutionNode = FALSE
	EndGlobalSection
	GlobalSection(NestedProjects) = preSolution
		{E1FDAA3C-3A63-40DB-A986-8D2E171754B9} = {C290B017-2D47-460A-A489-228561E9A244}
		{110AA228-E8A2-41AB-93AA-7209BA50667A} = {06915C19-F028-4687-8DA8-169DEB504ED6}
		{40A9706D-5CCA-4841-8B81-FB89023C961B} = {6F4F3A0E-06A9-4A6E-BA84-ADD5D4E3ECAE}
		{BB558D17-5445-4D78-A53E-1168C9354350} = {40AADEE4-13B4-4508-A796-3B3D90770A4E}
		{3BA203A5-B8D3-444F-B32A-771F80D1F835} = {40AADEE4-13B4-4508-A796-3B3D90770A4E}
		{29A44D2B-08C1-4CEA-9F95-7B0F374008BC} = {40AADEE4-13B4-4508-A796-3B3D90770A4E}
		{02ACBF16-A839-44FD-87F7-5B848D5E6A5E} = {40AADEE4-13B4-4508-A796-3B3D90770A4E}
		{CBF3F7DF-57EF-44F1-8A57-556281D9A776} = {40AADEE4-13B4-4508-A796-3B3D90770A4E}
	EndGlobalSection
	GlobalSection(ExtensibilityGlobals) = postSolution
		SolutionGuid = {E900480D-9593-4B99-8762-F3A48997A2C2}
	EndGlobalSection
EndGlobal
