
Microsoft Visual Studio Solution File, Format Version 12.00
# Visual Studio Version 16
VisualStudioVersion = 16.0.30621.155
MinimumVisualStudioVersion = 10.0.40219.1
Project("{2150E333-8FDC-42A3-9474-1A3956D46DE8}") = "src", "src", "{40AADEE4-13B4-4508-A796-3B3D90770A4E}"
EndProject
Project("{2150E333-8FDC-42A3-9474-1A3956D46DE8}") = "scripts", "scripts", "{6F4F3A0E-06A9-4A6E-BA84-ADD5D4E3ECAE}"
	ProjectSection(SolutionItems) = preProject
		.github\workflows\pack.yml = .github\workflows\pack.yml
	EndProjectSection
EndProject
Project("{2150E333-8FDC-42A3-9474-1A3956D46DE8}") = "template", "template", "{C290B017-2D47-460A-A489-228561E9A244}"
EndProject
Project("{9A19103F-16F7-4668-BE54-9A1E7A4F7556}") = "BootstrapBlazorServerPack", "template\BootstrapBlazorServerPack.csproj", "{E1FDAA3C-3A63-40DB-A986-8D2E171754B9}"
EndProject
Project("{9A19103F-16F7-4668-BE54-9A1E7A4F7556}") = "BootstrapBlazorApp.Server", "template\src\BootstrapBlazorApp.Server\BootstrapBlazorApp.Server.csproj", "{5B1BEF56-9359-4095-9B35-A1FDFDB93BBF}"
EndProject
Project("{9A19103F-16F7-4668-BE54-9A1E7A4F7556}") = "BootstrapBlazorApp.WebAssembly", "template\src\BootstrapBlazorApp.WebAssembly\BootstrapBlazorApp.WebAssembly.csproj", "{C4F8FF8A-E1B8-4B76-8682-B3E8ED5843E4}"
EndProject
Global
	GlobalSection(SolutionConfigurationPlatforms) = preSolution
		Debug|Any CPU = Debug|Any CPU
		Release|Any CPU = Release|Any CPU
	EndGlobalSection
	GlobalSection(ProjectConfigurationPlatforms) = postSolution
		{E1FDAA3C-3A63-40DB-A986-8D2E171754B9}.Debug|Any CPU.ActiveCfg = Debug|Any CPU
		{E1FDAA3C-3A63-40DB-A986-8D2E171754B9}.Debug|Any CPU.Build.0 = Debug|Any CPU
		{E1FDAA3C-3A63-40DB-A986-8D2E171754B9}.Release|Any CPU.ActiveCfg = Release|Any CPU
		{E1FDAA3C-3A63-40DB-A986-8D2E171754B9}.Release|Any CPU.Build.0 = Release|Any CPU
		{5B1BEF56-9359-4095-9B35-A1FDFDB93BBF}.Debug|Any CPU.ActiveCfg = Debug|Any CPU
		{5B1BEF56-9359-4095-9B35-A1FDFDB93BBF}.Debug|Any CPU.Build.0 = Debug|Any CPU
		{5B1BEF56-9359-4095-9B35-A1FDFDB93BBF}.Release|Any CPU.ActiveCfg = Release|Any CPU
		{5B1BEF56-9359-4095-9B35-A1FDFDB93BBF}.Release|Any CPU.Build.0 = Release|Any CPU
		{C4F8FF8A-E1B8-4B76-8682-B3E8ED5843E4}.Debug|Any CPU.ActiveCfg = Debug|Any CPU
		{C4F8FF8A-E1B8-4B76-8682-B3E8ED5843E4}.Debug|Any CPU.Build.0 = Debug|Any CPU
		{C4F8FF8A-E1B8-4B76-8682-B3E8ED5843E4}.Release|Any CPU.ActiveCfg = Release|Any CPU
		{C4F8FF8A-E1B8-4B76-8682-B3E8ED5843E4}.Release|Any CPU.Build.0 = Release|Any CPU
	EndGlobalSection
	GlobalSection(SolutionProperties) = preSolution
		HideSolutionNode = FALSE
	EndGlobalSection
	GlobalSection(NestedProjects) = preSolution
		{E1FDAA3C-3A63-40DB-A986-8D2E171754B9} = {C290B017-2D47-460A-A489-228561E9A244}
		{5B1BEF56-9359-4095-9B35-A1FDFDB93BBF} = {40AADEE4-13B4-4508-A796-3B3D90770A4E}
		{C4F8FF8A-E1B8-4B76-8682-B3E8ED5843E4} = {40AADEE4-13B4-4508-A796-3B3D90770A4E}
	EndGlobalSection
	GlobalSection(ExtensibilityGlobals) = postSolution
		SolutionGuid = {E900480D-9593-4B99-8762-F3A48997A2C2}
	EndGlobalSection
EndGlobal
