
Microsoft Visual Studio Solution File, Format Version 12.00
# Visual Studio Version 16
VisualStudioVersion = 16.0.30621.155
MinimumVisualStudioVersion = 10.0.40219.1
Project("{2150E333-8FDC-42A3-9474-1A3956D46DE8}") = "src", "src", "{40AADEE4-13B4-4508-A796-3B3D90770A4E}"
EndProject
Project("{2150E333-8FDC-42A3-9474-1A3956D46DE8}") = "scripts", "scripts", "{6F4F3A0E-06A9-4A6E-BA84-ADD5D4E3ECAE}"
	ProjectSection(SolutionItems) = preProject
		.github\workflows\pack.yml = .github\workflows\pack.yml
	EndProjectSection
EndProject
Project("{2150E333-8FDC-42A3-9474-1A3956D46DE8}") = "template", "template", "{C290B017-2D47-460A-A489-228561E9A244}"
EndProject
Project("{9A19103F-16F7-4668-BE54-9A1E7A4F7556}") = "BootstrapBlazorServerPack", "template\BootstrapBlazorServerPack.csproj", "{E1FDAA3C-3A63-40DB-A986-8D2E171754B9}"
EndProject
Project("{2150E333-8FDC-42A3-9474-1A3956D46DE8}") = "template-ui", "template-ui", "{06915C19-F028-4687-8DA8-169DEB504ED6}"
EndProject
Project("{FAE04EC0-301F-11D3-BF4B-00C04F79EFBC}") = "BootstrapBlazor.UITemplate", "template-ui\VsixPackager\BootstrapBlazor.UITemplate.csproj", "{110AA228-E8A2-41AB-93AA-7209BA50667A}"
EndProject
Project("{2150E333-8FDC-42A3-9474-1A3956D46DE8}") = "config", "config", "{88876AE6-9BB6-4EB1-9E1B-F128C136B2E0}"
	ProjectSection(SolutionItems) = preProject
		template-ui\.template.config\template.json = template-ui\.template.config\template.json
		template-ui\.template.config\template.vstemplate = template-ui\.template.config\template.vstemplate
	EndProjectSection
EndProject
Project("{9A19103F-16F7-4668-BE54-9A1E7A4F7556}") = "BootstrapBlazorApp.Server", "template-ui\src\BootstrapBlazorApp.Server\BootstrapBlazorApp.Server.csproj", "{814FD9DC-DA80-4C33-BEFF-CC81DBB6C767}"
EndProject
Project("{9A19103F-16F7-4668-BE54-9A1E7A4F7556}") = "BootstrapBlazorApp.WebAssembly", "template-ui\src\BootstrapBlazorApp.WebAssembly\BootstrapBlazorApp.WebAssembly.csproj", "{B661BA90-BA20-4782-8EC1-5A4E8E2549EC}"
EndProject
Project("{2150E333-8FDC-42A3-9474-1A3956D46DE8}") = "windows", "windows", "{40A9706D-5CCA-4841-8B81-FB89023C961B}"
	ProjectSection(SolutionItems) = preProject
		scripts\sync.cmd = scripts\sync.cmd
		sync.sh = sync.sh
	EndProjectSection
EndProject
Global
	GlobalSection(SolutionConfigurationPlatforms) = preSolution
		Debug|Any CPU = Debug|Any CPU
		Release|Any CPU = Release|Any CPU
	EndGlobalSection
	GlobalSection(ProjectConfigurationPlatforms) = postSolution
		{E1FDAA3C-3A63-40DB-A986-8D2E171754B9}.Debug|Any CPU.ActiveCfg = Debug|Any CPU
		{E1FDAA3C-3A63-40DB-A986-8D2E171754B9}.Debug|Any CPU.Build.0 = Debug|Any CPU
		{E1FDAA3C-3A63-40DB-A986-8D2E171754B9}.Release|Any CPU.ActiveCfg = Release|Any CPU
		{E1FDAA3C-3A63-40DB-A986-8D2E171754B9}.Release|Any CPU.Build.0 = Release|Any CPU
		{110AA228-E8A2-41AB-93AA-7209BA50667A}.Debug|Any CPU.ActiveCfg = Debug|Any CPU
		{110AA228-E8A2-41AB-93AA-7209BA50667A}.Debug|Any CPU.Build.0 = Debug|Any CPU
		{110AA228-E8A2-41AB-93AA-7209BA50667A}.Release|Any CPU.ActiveCfg = Release|Any CPU
		{110AA228-E8A2-41AB-93AA-7209BA50667A}.Release|Any CPU.Build.0 = Release|Any CPU
		{814FD9DC-DA80-4C33-BEFF-CC81DBB6C767}.Debug|Any CPU.ActiveCfg = Debug|Any CPU
		{814FD9DC-DA80-4C33-BEFF-CC81DBB6C767}.Debug|Any CPU.Build.0 = Debug|Any CPU
		{814FD9DC-DA80-4C33-BEFF-CC81DBB6C767}.Release|Any CPU.ActiveCfg = Release|Any CPU
		{814FD9DC-DA80-4C33-BEFF-CC81DBB6C767}.Release|Any CPU.Build.0 = Release|Any CPU
		{B661BA90-BA20-4782-8EC1-5A4E8E2549EC}.Debug|Any CPU.ActiveCfg = Debug|Any CPU
		{B661BA90-BA20-4782-8EC1-5A4E8E2549EC}.Debug|Any CPU.Build.0 = Debug|Any CPU
		{B661BA90-BA20-4782-8EC1-5A4E8E2549EC}.Release|Any CPU.ActiveCfg = Release|Any CPU
		{B661BA90-BA20-4782-8EC1-5A4E8E2549EC}.Release|Any CPU.Build.0 = Release|Any CPU
	EndGlobalSection
	GlobalSection(SolutionProperties) = preSolution
		HideSolutionNode = FALSE
	EndGlobalSection
	GlobalSection(NestedProjects) = preSolution
		{E1FDAA3C-3A63-40DB-A986-8D2E171754B9} = {C290B017-2D47-460A-A489-228561E9A244}
		{110AA228-E8A2-41AB-93AA-7209BA50667A} = {06915C19-F028-4687-8DA8-169DEB504ED6}
		{88876AE6-9BB6-4EB1-9E1B-F128C136B2E0} = {06915C19-F028-4687-8DA8-169DEB504ED6}
		{814FD9DC-DA80-4C33-BEFF-CC81DBB6C767} = {40AADEE4-13B4-4508-A796-3B3D90770A4E}
		{B661BA90-BA20-4782-8EC1-5A4E8E2549EC} = {40AADEE4-13B4-4508-A796-3B3D90770A4E}
		{40A9706D-5CCA-4841-8B81-FB89023C961B} = {6F4F3A0E-06A9-4A6E-BA84-ADD5D4E3ECAE}
	EndGlobalSection
	GlobalSection(ExtensibilityGlobals) = postSolution
		SolutionGuid = {E900480D-9593-4B99-8762-F3A48997A2C2}
	EndGlobalSection
EndGlobal
