
Microsoft Visual Studio Solution File, Format Version 12.00
# Visual Studio Version 16
VisualStudioVersion = 16.0.30621.155
MinimumVisualStudioVersion = 10.0.40219.1
Project("{2150E333-8FDC-42A3-9474-1A3956D46DE8}") = "src", "src", "{40AADEE4-13B4-4508-A796-3B3D90770A4E}"
EndProject
Project("{2150E333-8FDC-42A3-9474-1A3956D46DE8}") = "scripts", "scripts", "{6F4F3A0E-06A9-4A6E-BA84-ADD5D4E3ECAE}"
	ProjectSection(SolutionItems) = preProject
		.github\workflows\pack.yml = .github\workflows\pack.yml
	EndProjectSection
EndProject
Project("{2150E333-8FDC-42A3-9474-1A3956D46DE8}") = "template", "template", "{C290B017-2D47-460A-A489-228561E9A244}"
EndProject
Project("{9A19103F-16F7-4668-BE54-9A1E7A4F7556}") = "BootstrapBlazorServerPack", "BootstrapBlazorServerPack.csproj", "{C1618D9F-7129-4752-8D74-2F8A35A90749}"
EndProject
Project("{2150E333-8FDC-42A3-9474-1A3956D46DE8}") = "config", "config", "{7EBED753-EC7A-49C8-AA03-CB326AB108C9}"
	ProjectSection(SolutionItems) = preProject
		.template.config\template.json = .template.config\template.json
	EndProjectSection
EndProject
Project("{9A19103F-16F7-4668-BE54-9A1E7A4F7556}") = "BootstrapBlazor.Server", "template\src\BootstrapBlazor.Server\BootstrapBlazor.Server.csproj", "{B60B1C5D-3937-4C1B-B4BE-26CEDEC72291}"
EndProject
Project("{9A19103F-16F7-4668-BE54-9A1E7A4F7556}") = "BootstrapBlazor.WebAssembly", "template\src\BootstrapBlazor.WebAssembly\BootstrapBlazor.WebAssembly.csproj", "{D0826256-0309-4EB5-ABC7-6ADA6F3B402F}"
EndProject
Global
	GlobalSection(SolutionConfigurationPlatforms) = preSolution
		Debug|Any CPU = Debug|Any CPU
		Release|Any CPU = Release|Any CPU
	EndGlobalSection
	GlobalSection(ProjectConfigurationPlatforms) = postSolution
		{C1618D9F-7129-4752-8D74-2F8A35A90749}.Debug|Any CPU.ActiveCfg = Debug|Any CPU
		{C1618D9F-7129-4752-8D74-2F8A35A90749}.Debug|Any CPU.Build.0 = Debug|Any CPU
		{C1618D9F-7129-4752-8D74-2F8A35A90749}.Release|Any CPU.ActiveCfg = Release|Any CPU
		{C1618D9F-7129-4752-8D74-2F8A35A90749}.Release|Any CPU.Build.0 = Release|Any CPU
		{B60B1C5D-3937-4C1B-B4BE-26CEDEC72291}.Debug|Any CPU.ActiveCfg = Debug|Any CPU
		{B60B1C5D-3937-4C1B-B4BE-26CEDEC72291}.Debug|Any CPU.Build.0 = Debug|Any CPU
		{B60B1C5D-3937-4C1B-B4BE-26CEDEC72291}.Release|Any CPU.ActiveCfg = Release|Any CPU
		{B60B1C5D-3937-4C1B-B4BE-26CEDEC72291}.Release|Any CPU.Build.0 = Release|Any CPU
		{D0826256-0309-4EB5-ABC7-6ADA6F3B402F}.Debug|Any CPU.ActiveCfg = Debug|Any CPU
		{D0826256-0309-4EB5-ABC7-6ADA6F3B402F}.Debug|Any CPU.Build.0 = Debug|Any CPU
		{D0826256-0309-4EB5-ABC7-6ADA6F3B402F}.Release|Any CPU.ActiveCfg = Release|Any CPU
		{D0826256-0309-4EB5-ABC7-6ADA6F3B402F}.Release|Any CPU.Build.0 = Release|Any CPU
	EndGlobalSection
	GlobalSection(SolutionProperties) = preSolution
		HideSolutionNode = FALSE
	EndGlobalSection
	GlobalSection(NestedProjects) = preSolution
		{C1618D9F-7129-4752-8D74-2F8A35A90749} = {C290B017-2D47-460A-A489-228561E9A244}
		{B60B1C5D-3937-4C1B-B4BE-26CEDEC72291} = {40AADEE4-13B4-4508-A796-3B3D90770A4E}
		{D0826256-0309-4EB5-ABC7-6ADA6F3B402F} = {40AADEE4-13B4-4508-A796-3B3D90770A4E}
	EndGlobalSection
	GlobalSection(ExtensibilityGlobals) = postSolution
		SolutionGuid = {E900480D-9593-4B99-8762-F3A48997A2C2}
	EndGlobalSection
EndGlobal
