
Microsoft Visual Studio Solution File, Format Version 12.00
# Visual Studio Version 16
VisualStudioVersion = 16.0.30621.155
MinimumVisualStudioVersion = 10.0.40219.1
Project("{9A19103F-16F7-4668-BE54-9A1E7A4F7556}") = "BootstrapBlazor.Server", "BootstrapBlazor.Server\BootstrapBlazor.Server.csproj", "{A774F7E9-BDB1-42BC-BE3A-9F2B1C196B39}"
EndProject
Global
	GlobalSection(SolutionConfigurationPlatforms) = preSolution
		Debug|Any CPU = Debug|Any CPU
		Release|Any CPU = Release|Any CPU
	EndGlobalSection
	GlobalSection(ProjectConfigurationPlatforms) = postSolution
		{A774F7E9-BDB1-42BC-BE3A-9F2B1C196B39}.Debug|Any CPU.ActiveCfg = Debug|Any CPU
		{A774F7E9-BDB1-42BC-BE3A-9F2B1C196B39}.Debug|Any CPU.Build.0 = Debug|Any CPU
		{A774F7E9-BDB1-42BC-BE3A-9F2B1C196B39}.Release|Any CPU.ActiveCfg = Release|Any CPU
		{A774F7E9-BDB1-42BC-BE3A-9F2B1C196B39}.Release|Any CPU.Build.0 = Release|Any CPU
	EndGlobalSection
	GlobalSection(SolutionProperties) = preSolution
		HideSolutionNode = FALSE
	EndGlobalSection
	GlobalSection(ExtensibilityGlobals) = postSolution
		SolutionGuid = {BFC48E48-51AB-48D3-8242-DC4823B978E4}
	EndGlobalSection
EndGlobal
